
Microsoft Visual Studio Solution File, Format Version 12.00
# Visual Studio Version 16
VisualStudioVersion = 16.0.28621.142
MinimumVisualStudioVersion = 10.0.40219.1
Project("{FAE04EC0-301F-11D3-BF4B-00C04F79EFBC}") = "WpfContrib", "WpfContrib\WpfContrib.csproj", "{2DCD57E7-46DC-4683-9AA6-5D8DC4E8D891}"
EndProject
Project("{FAE04EC0-301F-11D3-BF4B-00C04F79EFBC}") = "WpfContribTest", "WpfContribTest\WpfContribTest.csproj", "{7F97A5C2-AD4D-484D-B7B4-EF3B70080178}"
EndProject
Global
	GlobalSection(SolutionConfigurationPlatforms) = preSolution
		Debug|Any CPU = Debug|Any CPU
		Release|Any CPU = Release|Any CPU
	EndGlobalSection
	GlobalSection(ProjectConfigurationPlatforms) = postSolution
		{2DCD57E7-46DC-4683-9AA6-5D8DC4E8D891}.Debug|Any CPU.ActiveCfg = Debug|Any CPU
		{2DCD57E7-46DC-4683-9AA6-5D8DC4E8D891}.Debug|Any CPU.Build.0 = Debug|Any CPU
		{2DCD57E7-46DC-4683-9AA6-5D8DC4E8D891}.Release|Any CPU.ActiveCfg = Release|Any CPU
		{2DCD57E7-46DC-4683-9AA6-5D8DC4E8D891}.Release|Any CPU.Build.0 = Release|Any CPU
		{7F97A5C2-AD4D-484D-B7B4-EF3B70080178}.Debug|Any CPU.ActiveCfg = Debug|Any CPU
		{7F97A5C2-AD4D-484D-B7B4-EF3B70080178}.Debug|Any CPU.Build.0 = Debug|Any CPU
		{7F97A5C2-AD4D-484D-B7B4-EF3B70080178}.Release|Any CPU.ActiveCfg = Release|Any CPU
		{7F97A5C2-AD4D-484D-B7B4-EF3B70080178}.Release|Any CPU.Build.0 = Release|Any CPU
	EndGlobalSection
	GlobalSection(SolutionProperties) = preSolution
		HideSolutionNode = FALSE
	EndGlobalSection
	GlobalSection(ExtensibilityGlobals) = postSolution
		SolutionGuid = {49D13A3D-3379-43F1-82A4-5A13B918BC1E}
	EndGlobalSection
EndGlobal
